// !$*UTF8*$!
{
	archiveVersion = 1;
	classes = {
	};
	objectVersion = 56;
	objects = {

/* Begin PBXBuildFile section */
		262051C729A0B8F2008BAFD0 /* EditGroup.swift in Sources */ = {isa = PBXBuildFile; fileRef = 262051C629A0B8F2008BAFD0 /* EditGroup.swift */; };
		262051C929A0B950008BAFD0 /* SettingsGroup.swift in Sources */ = {isa = PBXBuildFile; fileRef = 262051C829A0B950008BAFD0 /* SettingsGroup.swift */; };
		262051CB29A0B9A2008BAFD0 /* AppGroup.swift in Sources */ = {isa = PBXBuildFile; fileRef = 262051CA29A0B9A2008BAFD0 /* AppGroup.swift */; };
		262623E52977A8B6001F9610 /* EditView.swift in Sources */ = {isa = PBXBuildFile; fileRef = 262623E42977A8B6001F9610 /* EditView.swift */; };
		262623E72977C371001F9610 /* AboutView.swift in Sources */ = {isa = PBXBuildFile; fileRef = 262623E62977C371001F9610 /* AboutView.swift */; };
		266E9C6A299DF224003CC545 /* EditTodoView.swift in Sources */ = {isa = PBXBuildFile; fileRef = 266E9C69299DF224003CC545 /* EditTodoView.swift */; };
		266E9C6C299DF279003CC545 /* NewTodoField.swift in Sources */ = {isa = PBXBuildFile; fileRef = 266E9C6B299DF279003CC545 /* NewTodoField.swift */; };
		2675DBE82974BA6500492B03 /* TodayApp.swift in Sources */ = {isa = PBXBuildFile; fileRef = 2675DBE72974BA6500492B03 /* TodayApp.swift */; };
		2675DBEC2974BA6500492B03 /* Assets.xcassets in Resources */ = {isa = PBXBuildFile; fileRef = 2675DBEB2974BA6500492B03 /* Assets.xcassets */; };
		2675DBEF2974BA6500492B03 /* Preview Assets.xcassets in Resources */ = {isa = PBXBuildFile; fileRef = 2675DBEE2974BA6500492B03 /* Preview Assets.xcassets */; };
		26BC9AF1297A100700E19AA3 /* AppState.swift in Sources */ = {isa = PBXBuildFile; fileRef = 26BC9AF0297A100700E19AA3 /* AppState.swift */; };
		26D018D3299F0C7F00C8A9B0 /* Enums.swift in Sources */ = {isa = PBXBuildFile; fileRef = 26D018D2299F0C7F00C8A9B0 /* Enums.swift */; };
		26D823992978CA960051859E /* Sparkle in Frameworks */ = {isa = PBXBuildFile; productRef = 26D823982978CA960051859E /* Sparkle */; };
		26D8239B2978CAE70051859E /* Updater.swift in Sources */ = {isa = PBXBuildFile; fileRef = 26D8239A2978CAE70051859E /* Updater.swift */; };
		26F2268C29762D2A00EDBEF3 /* Todo.swift in Sources */ = {isa = PBXBuildFile; fileRef = 26F2268B29762D2A00EDBEF3 /* Todo.swift */; };
		26F2268E2976347000EDBEF3 /* DataStore.swift in Sources */ = {isa = PBXBuildFile; fileRef = 26F2268D2976347000EDBEF3 /* DataStore.swift */; };
/* End PBXBuildFile section */

/* Begin PBXFileReference section */
		2604F4E42978D9F40036A5BA /* README.md */ = {isa = PBXFileReference; lastKnownFileType = net.daringfireball.markdown; path = README.md; sourceTree = "<group>"; };
		2604F4E52978DFBF0036A5BA /* .gitignore */ = {isa = PBXFileReference; lastKnownFileType = text; path = .gitignore; sourceTree = "<group>"; };
		262051C629A0B8F2008BAFD0 /* EditGroup.swift */ = {isa = PBXFileReference; lastKnownFileType = sourcecode.swift; path = EditGroup.swift; sourceTree = "<group>"; };
		262051C829A0B950008BAFD0 /* SettingsGroup.swift */ = {isa = PBXFileReference; lastKnownFileType = sourcecode.swift; path = SettingsGroup.swift; sourceTree = "<group>"; };
		262051CA29A0B9A2008BAFD0 /* AppGroup.swift */ = {isa = PBXFileReference; lastKnownFileType = sourcecode.swift; path = AppGroup.swift; sourceTree = "<group>"; };
		262623E42977A8B6001F9610 /* EditView.swift */ = {isa = PBXFileReference; lastKnownFileType = sourcecode.swift; path = EditView.swift; sourceTree = "<group>"; };
		262623E62977C371001F9610 /* AboutView.swift */ = {isa = PBXFileReference; lastKnownFileType = sourcecode.swift; path = AboutView.swift; sourceTree = "<group>"; };
		266E9C69299DF224003CC545 /* EditTodoView.swift */ = {isa = PBXFileReference; lastKnownFileType = sourcecode.swift; path = EditTodoView.swift; sourceTree = "<group>"; };
		266E9C6B299DF279003CC545 /* NewTodoField.swift */ = {isa = PBXFileReference; lastKnownFileType = sourcecode.swift; path = NewTodoField.swift; sourceTree = "<group>"; };
		2675DBE42974BA6500492B03 /* To-Day.app */ = {isa = PBXFileReference; explicitFileType = wrapper.application; includeInIndex = 0; path = "To-Day.app"; sourceTree = BUILT_PRODUCTS_DIR; };
		2675DBE72974BA6500492B03 /* TodayApp.swift */ = {isa = PBXFileReference; lastKnownFileType = sourcecode.swift; path = TodayApp.swift; sourceTree = "<group>"; };
		2675DBEB2974BA6500492B03 /* Assets.xcassets */ = {isa = PBXFileReference; lastKnownFileType = folder.assetcatalog; path = Assets.xcassets; sourceTree = "<group>"; };
		2675DBEE2974BA6500492B03 /* Preview Assets.xcassets */ = {isa = PBXFileReference; lastKnownFileType = folder.assetcatalog; path = "Preview Assets.xcassets"; sourceTree = "<group>"; };
		2675DBF02974BA6500492B03 /* Today.entitlements */ = {isa = PBXFileReference; lastKnownFileType = text.plist.entitlements; path = Today.entitlements; sourceTree = "<group>"; };
		26BC9AF0297A100700E19AA3 /* AppState.swift */ = {isa = PBXFileReference; lastKnownFileType = sourcecode.swift; path = AppState.swift; sourceTree = "<group>"; };
		26D018D2299F0C7F00C8A9B0 /* Enums.swift */ = {isa = PBXFileReference; lastKnownFileType = sourcecode.swift; path = Enums.swift; sourceTree = "<group>"; };
		26D8239A2978CAE70051859E /* Updater.swift */ = {isa = PBXFileReference; lastKnownFileType = sourcecode.swift; path = Updater.swift; sourceTree = "<group>"; };
		26D8239C2978CD120051859E /* To-Day-Info.plist */ = {isa = PBXFileReference; lastKnownFileType = text.plist; path = "To-Day-Info.plist"; sourceTree = "<group>"; };
		26F2268B29762D2A00EDBEF3 /* Todo.swift */ = {isa = PBXFileReference; lastKnownFileType = sourcecode.swift; path = Todo.swift; sourceTree = "<group>"; };
		26F2268D2976347000EDBEF3 /* DataStore.swift */ = {isa = PBXFileReference; lastKnownFileType = sourcecode.swift; path = DataStore.swift; sourceTree = "<group>"; };
/* End PBXFileReference section */

/* Begin PBXFrameworksBuildPhase section */
		2675DBE12974BA6500492B03 /* Frameworks */ = {
			isa = PBXFrameworksBuildPhase;
			buildActionMask = 2147483647;
			files = (
				26D823992978CA960051859E /* Sparkle in Frameworks */,
			);
			runOnlyForDeploymentPostprocessing = 0;
		};
/* End PBXFrameworksBuildPhase section */

/* Begin PBXGroup section */
		262051C529A0B8D8008BAFD0 /* Menu Views */ = {
			isa = PBXGroup;
			children = (
				262051C629A0B8F2008BAFD0 /* EditGroup.swift */,
				262051C829A0B950008BAFD0 /* SettingsGroup.swift */,
				262051CA29A0B9A2008BAFD0 /* AppGroup.swift */,
			);
			path = "Menu Views";
			sourceTree = "<group>";
		};
		266E9C68299DF213003CC545 /* Edit Views */ = {
			isa = PBXGroup;
			children = (
				262623E42977A8B6001F9610 /* EditView.swift */,
				266E9C69299DF224003CC545 /* EditTodoView.swift */,
				266E9C6B299DF279003CC545 /* NewTodoField.swift */,
			);
			path = "Edit Views";
			sourceTree = "<group>";
		};
		2675DBDB2974BA6500492B03 = {
			isa = PBXGroup;
			children = (
				2675DBE62974BA6500492B03 /* Today */,
				2604F4E42978D9F40036A5BA /* README.md */,
				2604F4E52978DFBF0036A5BA /* .gitignore */,
				26D8239C2978CD120051859E /* To-Day-Info.plist */,
				2675DBE52974BA6500492B03 /* Products */,
			);
			sourceTree = "<group>";
		};
		2675DBE52974BA6500492B03 /* Products */ = {
			isa = PBXGroup;
			children = (
				2675DBE42974BA6500492B03 /* To-Day.app */,
			);
			name = Products;
			sourceTree = "<group>";
		};
		2675DBE62974BA6500492B03 /* Today */ = {
			isa = PBXGroup;
			children = (
				2675DBE72974BA6500492B03 /* TodayApp.swift */,
				262051C529A0B8D8008BAFD0 /* Menu Views */,
				266E9C68299DF213003CC545 /* Edit Views */,
				26BC9AF2297A100E00E19AA3 /* Models */,
				262623E62977C371001F9610 /* AboutView.swift */,
				26D8239A2978CAE70051859E /* Updater.swift */,
				2675DBEB2974BA6500492B03 /* Assets.xcassets */,
				2675DBF02974BA6500492B03 /* Today.entitlements */,
				2675DBED2974BA6500492B03 /* Preview Content */,
			);
			path = Today;
			sourceTree = "<group>";
		};
		2675DBED2974BA6500492B03 /* Preview Content */ = {
			isa = PBXGroup;
			children = (
				2675DBEE2974BA6500492B03 /* Preview Assets.xcassets */,
			);
			path = "Preview Content";
			sourceTree = "<group>";
		};
		26BC9AF2297A100E00E19AA3 /* Models */ = {
			isa = PBXGroup;
			children = (
				26BC9AF0297A100700E19AA3 /* AppState.swift */,
				26F2268B29762D2A00EDBEF3 /* Todo.swift */,
				26F2268D2976347000EDBEF3 /* DataStore.swift */,
				26D018D2299F0C7F00C8A9B0 /* Enums.swift */,
			);
			path = Models;
			sourceTree = "<group>";
		};
/* End PBXGroup section */

/* Begin PBXNativeTarget section */
		2675DBE32974BA6500492B03 /* To-Day */ = {
			isa = PBXNativeTarget;
			buildConfigurationList = 2675DBF32974BA6500492B03 /* Build configuration list for PBXNativeTarget "To-Day" */;
			buildPhases = (
				26516DEE29A0A6A500A5BD6B /* ShellScript */,
				2675DBE02974BA6500492B03 /* Sources */,
				2675DBE12974BA6500492B03 /* Frameworks */,
				2675DBE22974BA6500492B03 /* Resources */,
			);
			buildRules = (
			);
			dependencies = (
			);
			name = "To-Day";
			packageProductDependencies = (
				26D823982978CA960051859E /* Sparkle */,
			);
			productName = Today;
			productReference = 2675DBE42974BA6500492B03 /* To-Day.app */;
			productType = "com.apple.product-type.application";
		};
/* End PBXNativeTarget section */

/* Begin PBXProject section */
		2675DBDC2974BA6500492B03 /* Project object */ = {
			isa = PBXProject;
			attributes = {
				BuildIndependentTargetsInParallel = 1;
				LastSwiftUpdateCheck = 1420;
				LastUpgradeCheck = 1420;
				TargetAttributes = {
					2675DBE32974BA6500492B03 = {
						CreatedOnToolsVersion = 14.2;
					};
				};
			};
			buildConfigurationList = 2675DBDF2974BA6500492B03 /* Build configuration list for PBXProject "Today" */;
			compatibilityVersion = "Xcode 14.0";
			developmentRegion = en;
			hasScannedForEncodings = 0;
			knownRegions = (
				en,
				Base,
			);
			mainGroup = 2675DBDB2974BA6500492B03;
			packageReferences = (
				26D823972978CA960051859E /* XCRemoteSwiftPackageReference "Sparkle" */,
			);
			productRefGroup = 2675DBE52974BA6500492B03 /* Products */;
			projectDirPath = "";
			projectRoot = "";
			targets = (
				2675DBE32974BA6500492B03 /* To-Day */,
			);
		};
/* End PBXProject section */

/* Begin PBXResourcesBuildPhase section */
		2675DBE22974BA6500492B03 /* Resources */ = {
			isa = PBXResourcesBuildPhase;
			buildActionMask = 2147483647;
			files = (
				2675DBEF2974BA6500492B03 /* Preview Assets.xcassets in Resources */,
				2675DBEC2974BA6500492B03 /* Assets.xcassets in Resources */,
			);
			runOnlyForDeploymentPostprocessing = 0;
		};
/* End PBXResourcesBuildPhase section */

/* Begin PBXShellScriptBuildPhase section */
		26516DEE29A0A6A500A5BD6B /* ShellScript */ = {
			isa = PBXShellScriptBuildPhase;
			alwaysOutOfDate = 1;
			buildActionMask = 2147483647;
			files = (
			);
			inputFileListPaths = (
			);
			inputPaths = (
			);
			outputFileListPaths = (
			);
			outputPaths = (
			);
			runOnlyForDeploymentPostprocessing = 0;
			shellPath = /bin/sh;
			shellScript = "PATH=/opt/homebrew/bin:$PATH\nif which swiftlint >/dev/null; then\n  swiftlint --fix --no-cache\n  swiftlint --no-cache\nfi\n";
		};
/* End PBXShellScriptBuildPhase section */

/* Begin PBXSourcesBuildPhase section */
		2675DBE02974BA6500492B03 /* Sources */ = {
			isa = PBXSourcesBuildPhase;
			buildActionMask = 2147483647;
			files = (
				2675DBE82974BA6500492B03 /* TodayApp.swift in Sources */,
				26F2268E2976347000EDBEF3 /* DataStore.swift in Sources */,
				26D018D3299F0C7F00C8A9B0 /* Enums.swift in Sources */,
				262051CB29A0B9A2008BAFD0 /* AppGroup.swift in Sources */,
				26BC9AF1297A100700E19AA3 /* AppState.swift in Sources */,
				26F2268C29762D2A00EDBEF3 /* Todo.swift in Sources */,
				266E9C6A299DF224003CC545 /* EditTodoView.swift in Sources */,
				262623E52977A8B6001F9610 /* EditView.swift in Sources */,
				266E9C6C299DF279003CC545 /* NewTodoField.swift in Sources */,
				262623E72977C371001F9610 /* AboutView.swift in Sources */,
				262051C929A0B950008BAFD0 /* SettingsGroup.swift in Sources */,
				262051C729A0B8F2008BAFD0 /* EditGroup.swift in Sources */,
				26D8239B2978CAE70051859E /* Updater.swift in Sources */,
			);
			runOnlyForDeploymentPostprocessing = 0;
		};
/* End PBXSourcesBuildPhase section */

/* Begin XCBuildConfiguration section */
		2675DBF12974BA6500492B03 /* Debug */ = {
			isa = XCBuildConfiguration;
			buildSettings = {
				ALWAYS_SEARCH_USER_PATHS = NO;
				CLANG_ANALYZER_NONNULL = YES;
				CLANG_ANALYZER_NUMBER_OBJECT_CONVERSION = YES_AGGRESSIVE;
				CLANG_CXX_LANGUAGE_STANDARD = "gnu++20";
				CLANG_ENABLE_MODULES = YES;
				CLANG_ENABLE_OBJC_ARC = YES;
				CLANG_ENABLE_OBJC_WEAK = YES;
				CLANG_WARN_BLOCK_CAPTURE_AUTORELEASING = YES;
				CLANG_WARN_BOOL_CONVERSION = YES;
				CLANG_WARN_COMMA = YES;
				CLANG_WARN_CONSTANT_CONVERSION = YES;
				CLANG_WARN_DEPRECATED_OBJC_IMPLEMENTATIONS = YES;
				CLANG_WARN_DIRECT_OBJC_ISA_USAGE = YES_ERROR;
				CLANG_WARN_DOCUMENTATION_COMMENTS = YES;
				CLANG_WARN_EMPTY_BODY = YES;
				CLANG_WARN_ENUM_CONVERSION = YES;
				CLANG_WARN_INFINITE_RECURSION = YES;
				CLANG_WARN_INT_CONVERSION = YES;
				CLANG_WARN_NON_LITERAL_NULL_CONVERSION = YES;
				CLANG_WARN_OBJC_IMPLICIT_RETAIN_SELF = YES;
				CLANG_WARN_OBJC_LITERAL_CONVERSION = YES;
				CLANG_WARN_OBJC_ROOT_CLASS = YES_ERROR;
				CLANG_WARN_QUOTED_INCLUDE_IN_FRAMEWORK_HEADER = YES;
				CLANG_WARN_RANGE_LOOP_ANALYSIS = YES;
				CLANG_WARN_STRICT_PROTOTYPES = YES;
				CLANG_WARN_SUSPICIOUS_MOVE = YES;
				CLANG_WARN_UNGUARDED_AVAILABILITY = YES_AGGRESSIVE;
				CLANG_WARN_UNREACHABLE_CODE = YES;
				CLANG_WARN__DUPLICATE_METHOD_MATCH = YES;
				COPY_PHASE_STRIP = NO;
				DEBUG_INFORMATION_FORMAT = dwarf;
				ENABLE_STRICT_OBJC_MSGSEND = YES;
				ENABLE_TESTABILITY = YES;
				GCC_C_LANGUAGE_STANDARD = gnu11;
				GCC_DYNAMIC_NO_PIC = NO;
				GCC_NO_COMMON_BLOCKS = YES;
				GCC_OPTIMIZATION_LEVEL = 0;
				GCC_PREPROCESSOR_DEFINITIONS = (
					"DEBUG=1",
					"$(inherited)",
				);
				GCC_WARN_64_TO_32_BIT_CONVERSION = YES;
				GCC_WARN_ABOUT_RETURN_TYPE = YES_ERROR;
				GCC_WARN_UNDECLARED_SELECTOR = YES;
				GCC_WARN_UNINITIALIZED_AUTOS = YES_AGGRESSIVE;
				GCC_WARN_UNUSED_FUNCTION = YES;
				GCC_WARN_UNUSED_VARIABLE = YES;
				MACOSX_DEPLOYMENT_TARGET = 13.1;
				MTL_ENABLE_DEBUG_INFO = INCLUDE_SOURCE;
				MTL_FAST_MATH = YES;
				ONLY_ACTIVE_ARCH = YES;
				SDKROOT = macosx;
				SWIFT_ACTIVE_COMPILATION_CONDITIONS = DEBUG;
				SWIFT_OPTIMIZATION_LEVEL = "-Onone";
			};
			name = Debug;
		};
		2675DBF22974BA6500492B03 /* Release */ = {
			isa = XCBuildConfiguration;
			buildSettings = {
				ALWAYS_SEARCH_USER_PATHS = NO;
				CLANG_ANALYZER_NONNULL = YES;
				CLANG_ANALYZER_NUMBER_OBJECT_CONVERSION = YES_AGGRESSIVE;
				CLANG_CXX_LANGUAGE_STANDARD = "gnu++20";
				CLANG_ENABLE_MODULES = YES;
				CLANG_ENABLE_OBJC_ARC = YES;
				CLANG_ENABLE_OBJC_WEAK = YES;
				CLANG_WARN_BLOCK_CAPTURE_AUTORELEASING = YES;
				CLANG_WARN_BOOL_CONVERSION = YES;
				CLANG_WARN_COMMA = YES;
				CLANG_WARN_CONSTANT_CONVERSION = YES;
				CLANG_WARN_DEPRECATED_OBJC_IMPLEMENTATIONS = YES;
				CLANG_WARN_DIRECT_OBJC_ISA_USAGE = YES_ERROR;
				CLANG_WARN_DOCUMENTATION_COMMENTS = YES;
				CLANG_WARN_EMPTY_BODY = YES;
				CLANG_WARN_ENUM_CONVERSION = YES;
				CLANG_WARN_INFINITE_RECURSION = YES;
				CLANG_WARN_INT_CONVERSION = YES;
				CLANG_WARN_NON_LITERAL_NULL_CONVERSION = YES;
				CLANG_WARN_OBJC_IMPLICIT_RETAIN_SELF = YES;
				CLANG_WARN_OBJC_LITERAL_CONVERSION = YES;
				CLANG_WARN_OBJC_ROOT_CLASS = YES_ERROR;
				CLANG_WARN_QUOTED_INCLUDE_IN_FRAMEWORK_HEADER = YES;
				CLANG_WARN_RANGE_LOOP_ANALYSIS = YES;
				CLANG_WARN_STRICT_PROTOTYPES = YES;
				CLANG_WARN_SUSPICIOUS_MOVE = YES;
				CLANG_WARN_UNGUARDED_AVAILABILITY = YES_AGGRESSIVE;
				CLANG_WARN_UNREACHABLE_CODE = YES;
				CLANG_WARN__DUPLICATE_METHOD_MATCH = YES;
				COPY_PHASE_STRIP = NO;
				DEBUG_INFORMATION_FORMAT = "dwarf-with-dsym";
				ENABLE_NS_ASSERTIONS = NO;
				ENABLE_STRICT_OBJC_MSGSEND = YES;
				GCC_C_LANGUAGE_STANDARD = gnu11;
				GCC_NO_COMMON_BLOCKS = YES;
				GCC_WARN_64_TO_32_BIT_CONVERSION = YES;
				GCC_WARN_ABOUT_RETURN_TYPE = YES_ERROR;
				GCC_WARN_UNDECLARED_SELECTOR = YES;
				GCC_WARN_UNINITIALIZED_AUTOS = YES_AGGRESSIVE;
				GCC_WARN_UNUSED_FUNCTION = YES;
				GCC_WARN_UNUSED_VARIABLE = YES;
				MACOSX_DEPLOYMENT_TARGET = 13.1;
				MTL_ENABLE_DEBUG_INFO = NO;
				MTL_FAST_MATH = YES;
				SDKROOT = macosx;
				SWIFT_COMPILATION_MODE = wholemodule;
				SWIFT_OPTIMIZATION_LEVEL = "-O";
			};
			name = Release;
		};
		2675DBF42974BA6500492B03 /* Debug */ = {
			isa = XCBuildConfiguration;
			buildSettings = {
				ASSETCATALOG_COMPILER_APPICON_NAME = AppIcon;
				ASSETCATALOG_COMPILER_GLOBAL_ACCENT_COLOR_NAME = AccentColor;
				CODE_SIGN_ENTITLEMENTS = Today/Today.entitlements;
				CODE_SIGN_STYLE = Automatic;
				COMBINE_HIDPI_IMAGES = YES;
				CURRENT_PROJECT_VERSION = 6;
				DEVELOPMENT_ASSET_PATHS = "\"Today/Preview Content\"";
				DEVELOPMENT_TEAM = TC28MCLCFA;
				ENABLE_HARDENED_RUNTIME = YES;
				ENABLE_PREVIEWS = YES;
				GENERATE_INFOPLIST_FILE = YES;
				INFOPLIST_FILE = "To-Day-Info.plist";
				INFOPLIST_KEY_LSApplicationCategoryType = "public.app-category.utilities";
				INFOPLIST_KEY_LSUIElement = YES;
				INFOPLIST_KEY_NSHumanReadableCopyright = "";
				LD_RUNPATH_SEARCH_PATHS = (
					"$(inherited)",
					"@executable_path/../Frameworks",
				);
				MACOSX_DEPLOYMENT_TARGET = 13.0;
				MARKETING_VERSION = 1.2;
				PRODUCT_BUNDLE_IDENTIFIER = net.troz.Today;
				PRODUCT_NAME = "$(TARGET_NAME)";
				SWIFT_EMIT_LOC_STRINGS = YES;
				SWIFT_VERSION = 5.0;
			};
			name = Debug;
		};
		2675DBF52974BA6500492B03 /* Release */ = {
			isa = XCBuildConfiguration;
			buildSettings = {
				ASSETCATALOG_COMPILER_APPICON_NAME = AppIcon;
				ASSETCATALOG_COMPILER_GLOBAL_ACCENT_COLOR_NAME = AccentColor;
				CODE_SIGN_ENTITLEMENTS = Today/Today.entitlements;
				CODE_SIGN_STYLE = Automatic;
				COMBINE_HIDPI_IMAGES = YES;
				CURRENT_PROJECT_VERSION = 6;
				DEVELOPMENT_ASSET_PATHS = "\"Today/Preview Content\"";
				DEVELOPMENT_TEAM = TC28MCLCFA;
				ENABLE_HARDENED_RUNTIME = YES;
				ENABLE_PREVIEWS = YES;
				GENERATE_INFOPLIST_FILE = YES;
				INFOPLIST_FILE = "To-Day-Info.plist";
				INFOPLIST_KEY_LSApplicationCategoryType = "public.app-category.utilities";
				INFOPLIST_KEY_LSUIElement = YES;
				INFOPLIST_KEY_NSHumanReadableCopyright = "";
				LD_RUNPATH_SEARCH_PATHS = (
					"$(inherited)",
					"@executable_path/../Frameworks",
				);
				MACOSX_DEPLOYMENT_TARGET = 13.0;
				MARKETING_VERSION = 1.2;
				PRODUCT_BUNDLE_IDENTIFIER = net.troz.Today;
				PRODUCT_NAME = "$(TARGET_NAME)";
				SWIFT_EMIT_LOC_STRINGS = YES;
				SWIFT_VERSION = 5.0;
			};
			name = Release;
		};
/* End XCBuildConfiguration section */

/* Begin XCConfigurationList section */
		2675DBDF2974BA6500492B03 /* Build configuration list for PBXProject "Today" */ = {
			isa = XCConfigurationList;
			buildConfigurations = (
				2675DBF12974BA6500492B03 /* Debug */,
				2675DBF22974BA6500492B03 /* Release */,
			);
			defaultConfigurationIsVisible = 0;
			defaultConfigurationName = Release;
		};
		2675DBF32974BA6500492B03 /* Build configuration list for PBXNativeTarget "To-Day" */ = {
			isa = XCConfigurationList;
			buildConfigurations = (
				2675DBF42974BA6500492B03 /* Debug */,
				2675DBF52974BA6500492B03 /* Release */,
			);
			defaultConfigurationIsVisible = 0;
			defaultConfigurationName = Release;
		};
/* End XCConfigurationList section */

/* Begin XCRemoteSwiftPackageReference section */
		26D823972978CA960051859E /* XCRemoteSwiftPackageReference "Sparkle" */ = {
			isa = XCRemoteSwiftPackageReference;
			repositoryURL = "https://github.com/sparkle-project/Sparkle";
			requirement = {
				kind = upToNextMajorVersion;
				minimumVersion = 2.0.0;
			};
		};
/* End XCRemoteSwiftPackageReference section */

/* Begin XCSwiftPackageProductDependency section */
		26D823982978CA960051859E /* Sparkle */ = {
			isa = XCSwiftPackageProductDependency;
			package = 26D823972978CA960051859E /* XCRemoteSwiftPackageReference "Sparkle" */;
			productName = Sparkle;
		};
/* End XCSwiftPackageProductDependency section */
	};
	rootObject = 2675DBDC2974BA6500492B03 /* Project object */;
}
